Microsoft Visual Studio Solution File, Format Version 12.00
# Visual Studio Version 17
VisualStudioVersion = 17.5.2.0
MinimumVisualStudioVersion = 10.0.40219.1
Project("{FAE04EC0-301F-11D3-BF4B-00C04F79EFBC}") = "Day19SortComparer", "Day19SortComparer.csproj", "{D78D0951-62B2-351C-B3E3-E87F2ED69F54}"
EndProject
Global
	GlobalSection(SolutionConfigurationPlatforms) = preSolution
		Debug|Any CPU = Debug|Any CPU
		Release|Any CPU = Release|Any CPU
	EndGlobalSection
	GlobalSection(ProjectConfigurationPlatforms) = postSolution
		{D78D0951-62B2-351C-B3E3-E87F2ED69F54}.Debug|Any CPU.ActiveCfg = Debug|Any CPU
		{D78D0951-62B2-351C-B3E3-E87F2ED69F54}.Debug|Any CPU.Build.0 = Debug|Any CPU
		{D78D0951-62B2-351C-B3E3-E87F2ED69F54}.Release|Any CPU.ActiveCfg = Release|Any CPU
		{D78D0951-62B2-351C-B3E3-E87F2ED69F54}.Release|Any CPU.Build.0 = Release|Any CPU
	EndGlobalSection
	GlobalSection(SolutionProperties) = preSolution
		HideSolutionNode = FALSE
	EndGlobalSection
	GlobalSection(ExtensibilityGlobals) = postSolution
		SolutionGuid = {E6D1D041-AC5F-48A5-B3AA-ACDCF26AA5E7}
	EndGlobalSection
EndGlobal
