
Microsoft Visual Studio Solution File, Format Version 12.00
# Visual Studio Version 18
VisualStudioVersion = 18.4.11626.88 stable
MinimumVisualStudioVersion = 10.0.40219.1
Project("{FAE04EC0-301F-11D3-BF4B-00C04F79EFBC}") = "NorthwindCatalog.Service", "NorthwindCatalog.Service.csproj", "{81861D91-0AF8-B297-FD5E-3AEC1773DC3A}"
EndProject
Project("{FAE04EC0-301F-11D3-BF4B-00C04F79EFBC}") = "NorthWindCatelog.XUnitTesting", "..\NorthWindCatelog.XUnitTesting\NorthWindCatelog.XUnitTesting.csproj", "{C8FCD48F-FE7F-435D-87F9-56CF676C2127}"
EndProject
Project("{FAE04EC0-301F-11D3-BF4B-00C04F79EFBC}") = "NorthWindCatelog.MVC", "..\NorthWindCatelog.MVC\NorthWindCatelog.MVC.csproj", "{3CF6AF8D-B6D2-46A9-9066-2661449DA1A7}"
EndProject
Global
	GlobalSection(SolutionConfigurationPlatforms) = preSolution
		Debug|Any CPU = Debug|Any CPU
		Release|Any CPU = Release|Any CPU
	EndGlobalSection
	GlobalSection(ProjectConfigurationPlatforms) = postSolution
		{81861D91-0AF8-B297-FD5E-3AEC1773DC3A}.Debug|Any CPU.ActiveCfg = Debug|Any CPU
		{81861D91-0AF8-B297-FD5E-3AEC1773DC3A}.Debug|Any CPU.Build.0 = Debug|Any CPU
		{81861D91-0AF8-B297-FD5E-3AEC1773DC3A}.Release|Any CPU.ActiveCfg = Release|Any CPU
		{81861D91-0AF8-B297-FD5E-3AEC1773DC3A}.Release|Any CPU.Build.0 = Release|Any CPU
		{C8FCD48F-FE7F-435D-87F9-56CF676C2127}.Debug|Any CPU.ActiveCfg = Debug|Any CPU
		{C8FCD48F-FE7F-435D-87F9-56CF676C2127}.Debug|Any CPU.Build.0 = Debug|Any CPU
		{C8FCD48F-FE7F-435D-87F9-56CF676C2127}.Release|Any CPU.ActiveCfg = Release|Any CPU
		{C8FCD48F-FE7F-435D-87F9-56CF676C2127}.Release|Any CPU.Build.0 = Release|Any CPU
		{3CF6AF8D-B6D2-46A9-9066-2661449DA1A7}.Debug|Any CPU.ActiveCfg = Debug|Any CPU
		{3CF6AF8D-B6D2-46A9-9066-2661449DA1A7}.Debug|Any CPU.Build.0 = Debug|Any CPU
		{3CF6AF8D-B6D2-46A9-9066-2661449DA1A7}.Release|Any CPU.ActiveCfg = Release|Any CPU
		{3CF6AF8D-B6D2-46A9-9066-2661449DA1A7}.Release|Any CPU.Build.0 = Release|Any CPU
	EndGlobalSection
	GlobalSection(SolutionProperties) = preSolution
		HideSolutionNode = FALSE
	EndGlobalSection
	GlobalSection(ExtensibilityGlobals) = postSolution
		SolutionGuid = {844C9CA5-C5A2-489A-BCEC-6F4805217E2B}
	EndGlobalSection
EndGlobal
